
Microsoft Visual Studio Solution File, Format Version 12.00
# Visual Studio Version 17
VisualStudioVersion = 17.0.31919.166
MinimumVisualStudioVersion = 10.0.40219.1
Project("{8BC9CEB8-8B4A-11D0-8D11-00A0C91BC942}") = "AoC_2021_Day1", "AoC_2021_Day1\AoC_2021_Day1.vcxproj", "{F08F2E64-8287-42AB-8811-9EA0A37F6293}"
EndProject
Project("{8BC9CEB8-8B4A-11D0-8D11-00A0C91BC942}") = "AoC_2021_Day1_Test", "AoC_2021_Day1_Test\AoC_2021_Day1_Test.vcxproj", "{F216FF91-A6C0-4936-8D97-33A61765FFE8}"
EndProject
Project("{8BC9CEB8-8B4A-11D0-8D11-00A0C91BC942}") = "AoC_2021_Day2", "AoC_2021_Day2\AoC_2021_Day2.vcxproj", "{C1D4DBA0-02A8-48DB-A458-B480891D0A05}"
EndProject
Project("{8BC9CEB8-8B4A-11D0-8D11-00A0C91BC942}") = "AoC_2021_Day2_Test", "AoC_2021_Day2_Test\AoC_2021_Day2_Test.vcxproj", "{6FED9E5F-7B48-4ADE-90CB-6672E1FF5693}"
EndProject
Project("{8BC9CEB8-8B4A-11D0-8D11-00A0C91BC942}") = "AoC_2021_Day3", "AoC_2021_Day3\AoC_2021_Day3.vcxproj", "{F0D87194-706C-40A3-BD0A-946B6EE2FBE2}"
EndProject
Project("{8BC9CEB8-8B4A-11D0-8D11-00A0C91BC942}") = "AoC_2021_Day3_Test", "AoC_2021_Day3_Test\AoC_2021_Day3_Test.vcxproj", "{1456E666-E307-459F-994B-1400700A6EBF}"
EndProject
Global
	GlobalSection(SolutionConfigurationPlatforms) = preSolution
		Debug|x64 = Debug|x64
		Release|x64 = Release|x64
	EndGlobalSection
	GlobalSection(ProjectConfigurationPlatforms) = postSolution
		{F08F2E64-8287-42AB-8811-9EA0A37F6293}.Debug|x64.ActiveCfg = Debug|x64
		{F08F2E64-8287-42AB-8811-9EA0A37F6293}.Debug|x64.Build.0 = Debug|x64
		{F08F2E64-8287-42AB-8811-9EA0A37F6293}.Release|x64.ActiveCfg = Release|x64
		{F08F2E64-8287-42AB-8811-9EA0A37F6293}.Release|x64.Build.0 = Release|x64
		{F216FF91-A6C0-4936-8D97-33A61765FFE8}.Debug|x64.ActiveCfg = Debug|x64
		{F216FF91-A6C0-4936-8D97-33A61765FFE8}.Debug|x64.Build.0 = Debug|x64
		{F216FF91-A6C0-4936-8D97-33A61765FFE8}.Release|x64.ActiveCfg = Release|x64
		{F216FF91-A6C0-4936-8D97-33A61765FFE8}.Release|x64.Build.0 = Release|x64
		{C1D4DBA0-02A8-48DB-A458-B480891D0A05}.Debug|x64.ActiveCfg = Debug|x64
		{C1D4DBA0-02A8-48DB-A458-B480891D0A05}.Debug|x64.Build.0 = Debug|x64
		{C1D4DBA0-02A8-48DB-A458-B480891D0A05}.Release|x64.ActiveCfg = Release|x64
		{C1D4DBA0-02A8-48DB-A458-B480891D0A05}.Release|x64.Build.0 = Release|x64
		{6FED9E5F-7B48-4ADE-90CB-6672E1FF5693}.Debug|x64.ActiveCfg = Debug|x64
		{6FED9E5F-7B48-4ADE-90CB-6672E1FF5693}.Debug|x64.Build.0 = Debug|x64
		{6FED9E5F-7B48-4ADE-90CB-6672E1FF5693}.Release|x64.ActiveCfg = Release|x64
		{6FED9E5F-7B48-4ADE-90CB-6672E1FF5693}.Release|x64.Build.0 = Release|x64
		{F0D87194-706C-40A3-BD0A-946B6EE2FBE2}.Debug|x64.ActiveCfg = Debug|x64
		{F0D87194-706C-40A3-BD0A-946B6EE2FBE2}.Debug|x64.Build.0 = Debug|x64
		{F0D87194-706C-40A3-BD0A-946B6EE2FBE2}.Release|x64.ActiveCfg = Release|x64
		{F0D87194-706C-40A3-BD0A-946B6EE2FBE2}.Release|x64.Build.0 = Release|x64
		{1456E666-E307-459F-994B-1400700A6EBF}.Debug|x64.ActiveCfg = Debug|x64
		{1456E666-E307-459F-994B-1400700A6EBF}.Debug|x64.Build.0 = Debug|x64
		{1456E666-E307-459F-994B-1400700A6EBF}.Release|x64.ActiveCfg = Release|x64
		{1456E666-E307-459F-994B-1400700A6EBF}.Release|x64.Build.0 = Release|x64
	EndGlobalSection
	GlobalSection(SolutionProperties) = preSolution
		HideSolutionNode = FALSE
	EndGlobalSection
	GlobalSection(ExtensibilityGlobals) = postSolution
		SolutionGuid = {1D48874A-6824-437B-B896-F085219AFF8C}
	EndGlobalSection
EndGlobal
